{
  "name": "MondaiTokuGame",
  "lockfileVersion": 3,
  "requires": true,
  "packages": {
    "": {
      "dependencies": {
        "@nathanvda/cocoon": "^1.2.14",
        "cocoon-js": "^0.0.5"
      }
    },
    "node_modules/@nathanvda/cocoon": {
      "version": "1.2.14",
      "resolved": "https://registry.npmjs.org/@nathanvda/cocoon/-/cocoon-1.2.14.tgz",
      "integrity": "sha512-WcEt2vVp50de2i7rkD4O+96O1iMtMIcTBNGPocrHfcmHDujKOngoLHFF8Ektgoh8PjwFAJMxx8WyGv0BtKTjxQ==",
      "dependencies": {
        "jquery": "^3.3.1"
      }
    },
    "node_modules/cocoon-js": {
      "version": "0.0.5",
      "resolved": "https://registry.npmjs.org/cocoon-js/-/cocoon-js-0.0.5.tgz",
      "integrity": "sha512-1h51/2LDnZdyQehtIIA4eqCMSef4yFvUwXQF1XWRp12KSVLCXrvuGOsnoEm7OXviM7wgEiTf1nAkjbyws9i1EQ==",
      "dependencies": {
        "jquery": "^3.2.1"
      }
    },
    "node_modules/jquery": {
      "version": "3.7.1",
      "resolved": "https://registry.npmjs.org/jquery/-/jquery-3.7.1.tgz",
      "integrity": "sha512-m4avr8yL8kmFN8psrbFFFmB/If14iN5o9nw/NgnnM+kybDJpRsAynV2BsfpTYrTRysYUdADVD7CkUUizgkpLfg=="
    }
  }
}
